// !$*UTF8*$!
{
	archiveVersion = 1;
	classes = {
	};
	objectVersion = 77;
	objects = {

/* Begin PBXBuildFile section */
		CF4FC3232FF222A000B25DC9 /* JXRPreviewExtension.appex in Embed Foundation Extensions */ = {isa = PBXBuildFile; fileRef = CF6959D22FF17DF9002038CA /* JXRPreviewExtension.appex */; settings = {ATTRIBUTES = (RemoveHeadersOnCopy, ); }; };
		CF6959D52FF17DF9002038CA /* Quartz.framework in Frameworks */ = {isa = PBXBuildFile; fileRef = CF6959D42FF17DF9002038CA /* Quartz.framework */; };
		CFAA02112FF21D1E00917648 /* HostApp.swift in Sources */ = {isa = PBXBuildFile; fileRef = CFAA02102FF21D0F00917648 /* HostApp.swift */; };
/* End PBXBuildFile section */

/* Begin PBXContainerItemProxy section */
		CF6959DF2FF17DFA002038CA /* PBXContainerItemProxy */ = {
			isa = PBXContainerItemProxy;
			containerPortal = CF6959B82FF17D9B002038CA /* Project object */;
			proxyType = 1;
			remoteGlobalIDString = CF6959D12FF17DF9002038CA;
			remoteInfo = JXRPreviewExtension;
		};
/* End PBXContainerItemProxy section */

/* Begin PBXCopyFilesBuildPhase section */
		CF6959E62FF17DFA002038CA /* Embed Foundation Extensions */ = {
			isa = PBXCopyFilesBuildPhase;
			buildActionMask = 2147483647;
			dstPath = "";
			dstSubfolderSpec = 13;
			files = (
				CF4FC3232FF222A000B25DC9 /* JXRPreviewExtension.appex in Embed Foundation Extensions */,
			);
			name = "Embed Foundation Extensions";
			runOnlyForDeploymentPostprocessing = 0;
		};
/* End PBXCopyFilesBuildPhase section */

/* Begin PBXFileReference section */
		CF6959C02FF17D9B002038CA /* QLJPEGXR.app */ = {isa = PBXFileReference; explicitFileType = wrapper.application; includeInIndex = 0; path = QLJPEGXR.app; sourceTree = BUILT_PRODUCTS_DIR; };
		CF6959D22FF17DF9002038CA /* JXRPreviewExtension.appex */ = {isa = PBXFileReference; explicitFileType = "wrapper.app-extension"; includeInIndex = 0; path = JXRPreviewExtension.appex; sourceTree = BUILT_PRODUCTS_DIR; };
		CF6959D42FF17DF9002038CA /* Quartz.framework */ = {isa = PBXFileReference; lastKnownFileType = wrapper.framework; name = Quartz.framework; path = System/Library/Frameworks/Quartz.framework; sourceTree = SDKROOT; };
		CFAA02062FF18C0000917648 /* HostApp.entitlements */ = {isa = PBXFileReference; lastKnownFileType = text.plist.entitlements; path = HostApp.entitlements; sourceTree = "<group>"; };
		CFAA02082FF18C0000917648 /* Info.plist */ = {isa = PBXFileReference; lastKnownFileType = text.plist.xml; path = Info.plist; sourceTree = "<group>"; };
		CFAA02102FF21D0F00917648 /* HostApp.swift */ = {isa = PBXFileReference; lastKnownFileType = sourcecode.swift; path = HostApp.swift; sourceTree = "<group>"; };
/* End PBXFileReference section */

/* Begin PBXFileSystemSynchronizedRootGroup section */
		CF6959D62FF17DF9002038CA /* JXRPreviewExtension */ = {
			isa = PBXFileSystemSynchronizedRootGroup;
			path = JXRPreviewExtension;
			sourceTree = "<group>";
		};
		CF695A402FF188F6002038CA /* jxrlib */ = {
			isa = PBXFileSystemSynchronizedRootGroup;
			path = jxrlib;
			sourceTree = "<group>";
		};
		CF695A452FF188FC002038CA /* Shared */ = {
			isa = PBXFileSystemSynchronizedRootGroup;
			path = Shared;
			sourceTree = "<group>";
		};
/* End PBXFileSystemSynchronizedRootGroup section */

/* Begin PBXFrameworksBuildPhase section */
		CF6959BD2FF17D9B002038CA /* Frameworks */ = {
			isa = PBXFrameworksBuildPhase;
			buildActionMask = 2147483647;
			files = (
			);
			runOnlyForDeploymentPostprocessing = 0;
		};
		CF6959CF2FF17DF9002038CA /* Frameworks */ = {
			isa = PBXFrameworksBuildPhase;
			buildActionMask = 2147483647;
			files = (
				CF6959D52FF17DF9002038CA /* Quartz.framework in Frameworks */,
			);
			runOnlyForDeploymentPostprocessing = 0;
		};
/* End PBXFrameworksBuildPhase section */

/* Begin PBXGroup section */
		CF6959B72FF17D9B002038CA = {
			isa = PBXGroup;
			children = (
				CF695A402FF188F6002038CA /* jxrlib */,
				CF695A452FF188FC002038CA /* Shared */,
				CF6959D62FF17DF9002038CA /* JXRPreviewExtension */,
				CFAA02092FF18C0000917648 /* HostApp */,
				CF6959D32FF17DF9002038CA /* Frameworks */,
				CF6959C12FF17D9B002038CA /* Products */,
			);
			sourceTree = "<group>";
		};
		CF6959C12FF17D9B002038CA /* Products */ = {
			isa = PBXGroup;
			children = (
				CF6959C02FF17D9B002038CA /* QLJPEGXR.app */,
				CF6959D22FF17DF9002038CA /* JXRPreviewExtension.appex */,
			);
			name = Products;
			sourceTree = "<group>";
		};
		CF6959D32FF17DF9002038CA /* Frameworks */ = {
			isa = PBXGroup;
			children = (
				CF6959D42FF17DF9002038CA /* Quartz.framework */,
			);
			name = Frameworks;
			sourceTree = "<group>";
		};
		CFAA02092FF18C0000917648 /* HostApp */ = {
			isa = PBXGroup;
			children = (
				CFAA02102FF21D0F00917648 /* HostApp.swift */,
				CFAA02062FF18C0000917648 /* HostApp.entitlements */,
				CFAA02082FF18C0000917648 /* Info.plist */,
			);
			path = HostApp;
			sourceTree = "<group>";
		};
/* End PBXGroup section */

/* Begin PBXNativeTarget section */
		CF6959BF2FF17D9B002038CA /* QLJPEGXR */ = {
			isa = PBXNativeTarget;
			buildConfigurationList = CF6959CB2FF17D9C002038CA /* Build configuration list for PBXNativeTarget "QLJPEGXR" */;
			buildPhases = (
				CF6959BC2FF17D9B002038CA /* Sources */,
				CF6959BD2FF17D9B002038CA /* Frameworks */,
				CF6959BE2FF17D9B002038CA /* Resources */,
				CF6959E62FF17DFA002038CA /* Embed Foundation Extensions */,
			);
			buildRules = (
			);
			dependencies = (
				CF6959E02FF17DFA002038CA /* PBXTargetDependency */,
			);
			fileSystemSynchronizedGroups = (
				CF695A402FF188F6002038CA /* jxrlib */,
				CF695A452FF188FC002038CA /* Shared */,
			);
			name = QLJPEGXR;
			packageProductDependencies = (
			);
			productName = QLJPEGXR;
			productReference = CF6959C02FF17D9B002038CA /* QLJPEGXR.app */;
			productType = "com.apple.product-type.application";
		};
		CF6959D12FF17DF9002038CA /* JXRPreviewExtension */ = {
			isa = PBXNativeTarget;
			buildConfigurationList = CF6959E32FF17DFA002038CA /* Build configuration list for PBXNativeTarget "JXRPreviewExtension" */;
			buildPhases = (
				CF6959CE2FF17DF9002038CA /* Sources */,
				CF6959CF2FF17DF9002038CA /* Frameworks */,
				CF6959D02FF17DF9002038CA /* Resources */,
			);
			buildRules = (
			);
			dependencies = (
			);
			fileSystemSynchronizedGroups = (
				CF6959D62FF17DF9002038CA /* JXRPreviewExtension */,
				CF695A402FF188F6002038CA /* jxrlib */,
				CF695A452FF188FC002038CA /* Shared */,
			);
			name = JXRPreviewExtension;
			packageProductDependencies = (
			);
			productName = JXRPreviewExtension;
			productReference = CF6959D22FF17DF9002038CA /* JXRPreviewExtension.appex */;
			productType = "com.apple.product-type.app-extension";
		};
/* End PBXNativeTarget section */

/* Begin PBXProject section */
		CF6959B82FF17D9B002038CA /* Project object */ = {
			isa = PBXProject;
			attributes = {
				BuildIndependentTargetsInParallel = 1;
				LastSwiftUpdateCheck = 2650;
				LastUpgradeCheck = 2650;
				TargetAttributes = {
					CF6959BF2FF17D9B002038CA = {
						CreatedOnToolsVersion = 26.5;
					};
					CF6959D12FF17DF9002038CA = {
						CreatedOnToolsVersion = 26.5;
					};
				};
			};
			buildConfigurationList = CF6959BB2FF17D9B002038CA /* Build configuration list for PBXProject "QLJPEGXR" */;
			developmentRegion = en;
			hasScannedForEncodings = 0;
			knownRegions = (
				en,
				Base,
			);
			mainGroup = CF6959B72FF17D9B002038CA;
			minimizedProjectReferenceProxies = 1;
			preferredProjectObjectVersion = 77;
			productRefGroup = CF6959C12FF17D9B002038CA /* Products */;
			projectDirPath = "";
			projectRoot = "";
			targets = (
				CF6959BF2FF17D9B002038CA /* QLJPEGXR */,
				CF6959D12FF17DF9002038CA /* JXRPreviewExtension */,
			);
		};
/* End PBXProject section */

/* Begin PBXResourcesBuildPhase section */
		CF6959BE2FF17D9B002038CA /* Resources */ = {
			isa = PBXResourcesBuildPhase;
			buildActionMask = 2147483647;
			files = (
			);
			runOnlyForDeploymentPostprocessing = 0;
		};
		CF6959D02FF17DF9002038CA /* Resources */ = {
			isa = PBXResourcesBuildPhase;
			buildActionMask = 2147483647;
			files = (
			);
			runOnlyForDeploymentPostprocessing = 0;
		};
/* End PBXResourcesBuildPhase section */

/* Begin PBXSourcesBuildPhase section */
		CF6959BC2FF17D9B002038CA /* Sources */ = {
			isa = PBXSourcesBuildPhase;
			buildActionMask = 2147483647;
			files = (
				CFAA02112FF21D1E00917648 /* HostApp.swift in Sources */,
			);
			runOnlyForDeploymentPostprocessing = 0;
		};
		CF6959CE2FF17DF9002038CA /* Sources */ = {
			isa = PBXSourcesBuildPhase;
			buildActionMask = 2147483647;
			files = (
			);
			runOnlyForDeploymentPostprocessing = 0;
		};
/* End PBXSourcesBuildPhase section */

/* Begin PBXTargetDependency section */
		CF6959E02FF17DFA002038CA /* PBXTargetDependency */ = {
			isa = PBXTargetDependency;
			target = CF6959D12FF17DF9002038CA /* JXRPreviewExtension */;
			targetProxy = CF6959DF2FF17DFA002038CA /* PBXContainerItemProxy */;
		};
/* End PBXTargetDependency section */

/* Begin XCBuildConfiguration section */
		CF6959C92FF17D9C002038CA /* Debug */ = {
			isa = XCBuildConfiguration;
			buildSettings = {
				ALWAYS_SEARCH_USER_PATHS = NO;
				ASSETCATALOG_COMPILER_GENERATE_SWIFT_ASSET_SYMBOL_EXTENSIONS = YES;
				CLANG_ANALYZER_NONNULL = YES;
				CLANG_ANALYZER_NUMBER_OBJECT_CONVERSION = YES_AGGRESSIVE;
				CLANG_CXX_LANGUAGE_STANDARD = "gnu++20";
				CLANG_ENABLE_MODULES = YES;
				CLANG_ENABLE_OBJC_ARC = YES;
				CLANG_ENABLE_OBJC_WEAK = YES;
				CLANG_WARN_BLOCK_CAPTURE_AUTORELEASING = YES;
				CLANG_WARN_BOOL_CONVERSION = YES;
				CLANG_WARN_COMMA = YES;
				CLANG_WARN_CONSTANT_CONVERSION = YES;
				CLANG_WARN_DEPRECATED_OBJC_IMPLEMENTATIONS = YES;
				CLANG_WARN_DIRECT_OBJC_ISA_USAGE = YES_ERROR;
				CLANG_WARN_DOCUMENTATION_COMMENTS = YES;
				CLANG_WARN_EMPTY_BODY = YES;
				CLANG_WARN_ENUM_CONVERSION = YES;
				CLANG_WARN_INFINITE_RECURSION = YES;
				CLANG_WARN_INT_CONVERSION = YES;
				CLANG_WARN_NON_LITERAL_NULL_CONVERSION = YES;
				CLANG_WARN_OBJC_IMPLICIT_RETAIN_SELF = YES;
				CLANG_WARN_OBJC_LITERAL_CONVERSION = YES;
				CLANG_WARN_OBJC_ROOT_CLASS = YES_ERROR;
				CLANG_WARN_QUOTED_INCLUDE_IN_FRAMEWORK_HEADER = YES;
				CLANG_WARN_RANGE_LOOP_ANALYSIS = YES;
				CLANG_WARN_STRICT_PROTOTYPES = YES;
				CLANG_WARN_SUSPICIOUS_MOVE = YES;
				CLANG_WARN_UNGUARDED_AVAILABILITY = YES_AGGRESSIVE;
				CLANG_WARN_UNREACHABLE_CODE = YES;
				CLANG_WARN__DUPLICATE_METHOD_MATCH = YES;
				COPY_PHASE_STRIP = NO;
				DEBUG_INFORMATION_FORMAT = dwarf;
				DEVELOPMENT_TEAM = X9QWHPL27R;
				ENABLE_STRICT_OBJC_MSGSEND = YES;
				ENABLE_TESTABILITY = YES;
				ENABLE_USER_SCRIPT_SANDBOXING = YES;
				GCC_C_LANGUAGE_STANDARD = gnu17;
				GCC_DYNAMIC_NO_PIC = NO;
				GCC_NO_COMMON_BLOCKS = YES;
				GCC_OPTIMIZATION_LEVEL = 0;
				GCC_PREPROCESSOR_DEFINITIONS = (
					"DEBUG=1",
					"$(inherited)",
				);
				GCC_WARN_64_TO_32_BIT_CONVERSION = YES;
				GCC_WARN_ABOUT_RETURN_TYPE = YES_ERROR;
				GCC_WARN_UNDECLARED_SELECTOR = YES;
				GCC_WARN_UNINITIALIZED_AUTOS = YES_AGGRESSIVE;
				GCC_WARN_UNUSED_FUNCTION = YES;
				GCC_WARN_UNUSED_VARIABLE = YES;
				INFOPLIST_FILE = HostApp/Info.plist;
				INFOPLIST_PREPROCESS = YES;
				LOCALIZATION_PREFERS_STRING_CATALOGS = YES;
				MACOSX_DEPLOYMENT_TARGET = 26.5;
				MTL_ENABLE_DEBUG_INFO = INCLUDE_SOURCE;
				MTL_FAST_MATH = YES;
				ONLY_ACTIVE_ARCH = YES;
				SDKROOT = macosx;
				SWIFT_ACTIVE_COMPILATION_CONDITIONS = "DEBUG $(inherited)";
				SWIFT_OPTIMIZATION_LEVEL = "-Onone";
			};
			name = Debug;
		};
		CF6959CA2FF17D9C002038CA /* Release */ = {
			isa = XCBuildConfiguration;
			buildSettings = {
				ALWAYS_SEARCH_USER_PATHS = NO;
				ASSETCATALOG_COMPILER_GENERATE_SWIFT_ASSET_SYMBOL_EXTENSIONS = YES;
				CLANG_ANALYZER_NONNULL = YES;
				CLANG_ANALYZER_NUMBER_OBJECT_CONVERSION = YES_AGGRESSIVE;
				CLANG_CXX_LANGUAGE_STANDARD = "gnu++20";
				CLANG_ENABLE_MODULES = YES;
				CLANG_ENABLE_OBJC_ARC = YES;
				CLANG_ENABLE_OBJC_WEAK = YES;
				CLANG_WARN_BLOCK_CAPTURE_AUTORELEASING = YES;
				CLANG_WARN_BOOL_CONVERSION = YES;
				CLANG_WARN_COMMA = YES;
				CLANG_WARN_CONSTANT_CONVERSION = YES;
				CLANG_WARN_DEPRECATED_OBJC_IMPLEMENTATIONS = YES;
				CLANG_WARN_DIRECT_OBJC_ISA_USAGE = YES_ERROR;
				CLANG_WARN_DOCUMENTATION_COMMENTS = YES;
				CLANG_WARN_EMPTY_BODY = YES;
				CLANG_WARN_ENUM_CONVERSION = YES;
				CLANG_WARN_INFINITE_RECURSION = YES;
				CLANG_WARN_INT_CONVERSION = YES;
				CLANG_WARN_NON_LITERAL_NULL_CONVERSION = YES;
				CLANG_WARN_OBJC_IMPLICIT_RETAIN_SELF = YES;
				CLANG_WARN_OBJC_LITERAL_CONVERSION = YES;
				CLANG_WARN_OBJC_ROOT_CLASS = YES_ERROR;
				CLANG_WARN_QUOTED_INCLUDE_IN_FRAMEWORK_HEADER = YES;
				CLANG_WARN_RANGE_LOOP_ANALYSIS = YES;
				CLANG_WARN_STRICT_PROTOTYPES = YES;
				CLANG_WARN_SUSPICIOUS_MOVE = YES;
				CLANG_WARN_UNGUARDED_AVAILABILITY = YES_AGGRESSIVE;
				CLANG_WARN_UNREACHABLE_CODE = YES;
				CLANG_WARN__DUPLICATE_METHOD_MATCH = YES;
				COPY_PHASE_STRIP = NO;
				DEBUG_INFORMATION_FORMAT = "dwarf-with-dsym";
				DEVELOPMENT_TEAM = X9QWHPL27R;
				ENABLE_NS_ASSERTIONS = NO;
				ENABLE_STRICT_OBJC_MSGSEND = YES;
				ENABLE_USER_SCRIPT_SANDBOXING = YES;
				GCC_C_LANGUAGE_STANDARD = gnu17;
				GCC_NO_COMMON_BLOCKS = YES;
				GCC_WARN_64_TO_32_BIT_CONVERSION = YES;
				GCC_WARN_ABOUT_RETURN_TYPE = YES_ERROR;
				GCC_WARN_UNDECLARED_SELECTOR = YES;
				GCC_WARN_UNINITIALIZED_AUTOS = YES_AGGRESSIVE;
				GCC_WARN_UNUSED_FUNCTION = YES;
				GCC_WARN_UNUSED_VARIABLE = YES;
				INFOPLIST_FILE = HostApp/Info.plist;
				INFOPLIST_PREPROCESS = YES;
				LOCALIZATION_PREFERS_STRING_CATALOGS = YES;
				MACOSX_DEPLOYMENT_TARGET = 26.5;
				MTL_ENABLE_DEBUG_INFO = NO;
				MTL_FAST_MATH = YES;
				SDKROOT = macosx;
				SWIFT_COMPILATION_MODE = wholemodule;
			};
			name = Release;
		};
		CF6959CC2FF17D9C002038CA /* Debug */ = {
			isa = XCBuildConfiguration;
			buildSettings = {
				ASSETCATALOG_COMPILER_APPICON_NAME = AppIcon;
				ASSETCATALOG_COMPILER_GLOBAL_ACCENT_COLOR_NAME = AccentColor;
				CODE_SIGN_STYLE = Automatic;
				COMBINE_HIDPI_IMAGES = YES;
				CURRENT_PROJECT_VERSION = 1;
				DEVELOPMENT_TEAM = X9QWHPL27R;
				ENABLE_APP_SANDBOX = YES;
				ENABLE_HARDENED_RUNTIME = YES;
				ENABLE_PREVIEWS = YES;
				ENABLE_USER_SELECTED_FILES = readonly;
				EXCLUDED_SOURCE_FILE_NAMES = "JXRDec420.c";
				GCC_PREPROCESSOR_DEFINITIONS = (
					"__ANSI__=1",
					"DEBUG=1",
					"DISABLE_PERF_MEASUREMENT=1",
					"_byteswap_ulong=__builtin_bswap32",
				);
				GENERATE_INFOPLIST_FILE = NO;
				HEADER_SEARCH_PATHS = (
					"$(SRCROOT)/jxrlib",
					"$(SRCROOT)/jxrlib/common/include",
					"$(SRCROOT)/jxrlib/image/sys",
					"$(SRCROOT)/jxrlib/jxrgluelib",
				);
				INFOPLIST_KEY_CFBundleDisplayName = "JXR QuickLook";
				INFOPLIST_KEY_LSUIElement = YES;
				INFOPLIST_KEY_NSHumanReadableCopyright = "";
				LD_RUNPATH_SEARCH_PATHS = (
					"$(inherited)",
					"@executable_path/../Frameworks",
				);
				MACOSX_DEPLOYMENT_TARGET = 13.5;
				MARKETING_VERSION = 1.0;
				PRODUCT_BUNDLE_IDENTIFIER = com.qljxr.QLJPEGXR;
				PRODUCT_NAME = "$(TARGET_NAME)";
				REGISTER_APP_GROUPS = YES;
				STRING_CATALOG_GENERATE_SYMBOLS = YES;
				SWIFT_APPROACHABLE_CONCURRENCY = YES;
				SWIFT_DEFAULT_ACTOR_ISOLATION = MainActor;
				SWIFT_EMIT_LOC_STRINGS = YES;
				SWIFT_OBJC_BRIDGING_HEADER = "HostApp/HostApp-Bridging-Header.h";
				SWIFT_UPCOMING_FEATURE_MEMBER_IMPORT_VISIBILITY = YES;
				SWIFT_VERSION = 5.0;
			};
			name = Debug;
		};
		CF6959CD2FF17D9C002038CA /* Release */ = {
			isa = XCBuildConfiguration;
			buildSettings = {
				ASSETCATALOG_COMPILER_APPICON_NAME = AppIcon;
				ASSETCATALOG_COMPILER_GLOBAL_ACCENT_COLOR_NAME = AccentColor;
				CODE_SIGN_STYLE = Automatic;
				COMBINE_HIDPI_IMAGES = YES;
				CURRENT_PROJECT_VERSION = 1;
				DEVELOPMENT_TEAM = X9QWHPL27R;
				ENABLE_APP_SANDBOX = YES;
				ENABLE_HARDENED_RUNTIME = YES;
				ENABLE_PREVIEWS = YES;
				ENABLE_USER_SELECTED_FILES = readonly;
				EXCLUDED_SOURCE_FILE_NAMES = "JXRDec420.c";
				GCC_PREPROCESSOR_DEFINITIONS = (
					"__ANSI__=1",
					"DISABLE_PERF_MEASUREMENT=1",
					"_byteswap_ulong=__builtin_bswap32",
				);
				GENERATE_INFOPLIST_FILE = NO;
				HEADER_SEARCH_PATHS = (
					"$(SRCROOT)/jxrlib",
					"$(SRCROOT)/jxrlib/common/include",
					"$(SRCROOT)/jxrlib/image/sys",
					"$(SRCROOT)/jxrlib/jxrgluelib",
				);
				INFOPLIST_KEY_CFBundleDisplayName = "JXR QuickLook";
				INFOPLIST_KEY_LSUIElement = YES;
				INFOPLIST_KEY_NSHumanReadableCopyright = "";
				LD_RUNPATH_SEARCH_PATHS = (
					"$(inherited)",
					"@executable_path/../Frameworks",
				);
				MACOSX_DEPLOYMENT_TARGET = 13.5;
				MARKETING_VERSION = 1.0;
				PRODUCT_BUNDLE_IDENTIFIER = com.qljxr.QLJPEGXR;
				PRODUCT_NAME = "$(TARGET_NAME)";
				REGISTER_APP_GROUPS = YES;
				STRING_CATALOG_GENERATE_SYMBOLS = YES;
				SWIFT_APPROACHABLE_CONCURRENCY = YES;
				SWIFT_DEFAULT_ACTOR_ISOLATION = MainActor;
				SWIFT_EMIT_LOC_STRINGS = YES;
				SWIFT_OBJC_BRIDGING_HEADER = "HostApp/HostApp-Bridging-Header.h";
				SWIFT_UPCOMING_FEATURE_MEMBER_IMPORT_VISIBILITY = YES;
				SWIFT_VERSION = 5.0;
			};
			name = Release;
		};
		CF6959E42FF17DFA002038CA /* Debug */ = {
			isa = XCBuildConfiguration;
			buildSettings = {
				CODE_SIGN_STYLE = Automatic;
				CURRENT_PROJECT_VERSION = 1;
				DEVELOPMENT_TEAM = X9QWHPL27R;
				ENABLE_APP_SANDBOX = YES;
				ENABLE_HARDENED_RUNTIME = YES;
				ENABLE_USER_SELECTED_FILES = readonly;
				GCC_PREPROCESSOR_DEFINITIONS = (
					"DEBUG=1",
					"$(inherited)",
					"__ANSI__=1",
					"DISABLE_PERF_MEASUREMENT=1",
					"_byteswap_ulong=__builtin_bswap32",
				);
				GENERATE_INFOPLIST_FILE = NO;
				HEADER_SEARCH_PATHS = (
					"$(SRCROOT)/jxrlib",
					"$(SRCROOT)/jxrlib/common/include",
					"$(SRCROOT)/jxrlib/image/sys",
					"$(SRCROOT)/jxrlib/jxrgluelib",
				);
				INFOPLIST_FILE = JXRPreviewExtension/Info.plist;
				INFOPLIST_KEY_CFBundleDisplayName = JXRPreviewExtension;
				INFOPLIST_KEY_NSHumanReadableCopyright = "";
				LD_RUNPATH_SEARCH_PATHS = (
					"$(inherited)",
					"@executable_path/../Frameworks",
					"@executable_path/../../../../Frameworks",
				);
				MACOSX_DEPLOYMENT_TARGET = 13.5;
				MARKETING_VERSION = 1.0;
				OTHER_CFLAGS = "";
				PRODUCT_BUNDLE_IDENTIFIER = com.qljxr.QLJPEGXR.JXRPreviewExtension;
				PRODUCT_NAME = "$(TARGET_NAME)";
				SKIP_INSTALL = YES;
				STRING_CATALOG_GENERATE_SYMBOLS = YES;
				SWIFT_APPROACHABLE_CONCURRENCY = YES;
				SWIFT_EMIT_LOC_STRINGS = YES;
				SWIFT_OBJC_BRIDGING_HEADER = "JXRPreviewExtension/JXR-Bridging-Header.h";
				SWIFT_UPCOMING_FEATURE_MEMBER_IMPORT_VISIBILITY = YES;
				SWIFT_VERSION = 5.0;
			};
			name = Debug;
		};
		CF6959E52FF17DFA002038CA /* Release */ = {
			isa = XCBuildConfiguration;
			buildSettings = {
				CODE_SIGN_STYLE = Automatic;
				CURRENT_PROJECT_VERSION = 1;
				DEVELOPMENT_TEAM = X9QWHPL27R;
				ENABLE_APP_SANDBOX = YES;
				ENABLE_HARDENED_RUNTIME = YES;
				ENABLE_USER_SELECTED_FILES = readonly;
				GCC_PREPROCESSOR_DEFINITIONS = (
					"__ANSI__=1",
					"DISABLE_PERF_MEASUREMENT=1",
					"_byteswap_ulong=__builtin_bswap32",
				);
				GENERATE_INFOPLIST_FILE = NO;
				HEADER_SEARCH_PATHS = (
					"$(SRCROOT)/jxrlib",
					"$(SRCROOT)/jxrlib/common/include",
					"$(SRCROOT)/jxrlib/image/sys",
					"$(SRCROOT)/jxrlib/jxrgluelib",
				);
				INFOPLIST_FILE = JXRPreviewExtension/Info.plist;
				INFOPLIST_KEY_CFBundleDisplayName = JXRPreviewExtension;
				INFOPLIST_KEY_NSHumanReadableCopyright = "";
				LD_RUNPATH_SEARCH_PATHS = (
					"$(inherited)",
					"@executable_path/../Frameworks",
					"@executable_path/../../../../Frameworks",
				);
				MACOSX_DEPLOYMENT_TARGET = 13.5;
				MARKETING_VERSION = 1.0;
				OTHER_CFLAGS = "";
				PRODUCT_BUNDLE_IDENTIFIER = com.qljxr.QLJPEGXR.JXRPreviewExtension;
				PRODUCT_NAME = "$(TARGET_NAME)";
				SKIP_INSTALL = YES;
				STRING_CATALOG_GENERATE_SYMBOLS = YES;
				SWIFT_APPROACHABLE_CONCURRENCY = YES;
				SWIFT_EMIT_LOC_STRINGS = YES;
				SWIFT_OBJC_BRIDGING_HEADER = "JXRPreviewExtension/JXR-Bridging-Header.h";
				SWIFT_UPCOMING_FEATURE_MEMBER_IMPORT_VISIBILITY = YES;
				SWIFT_VERSION = 5.0;
			};
			name = Release;
		};
/* End XCBuildConfiguration section */

/* Begin XCConfigurationList section */
		CF6959BB2FF17D9B002038CA /* Build configuration list for PBXProject "QLJPEGXR" */ = {
			isa = XCConfigurationList;
			buildConfigurations = (
				CF6959C92FF17D9C002038CA /* Debug */,
				CF6959CA2FF17D9C002038CA /* Release */,
			);
			defaultConfigurationIsVisible = 0;
			defaultConfigurationName = Release;
		};
		CF6959CB2FF17D9C002038CA /* Build configuration list for PBXNativeTarget "QLJPEGXR" */ = {
			isa = XCConfigurationList;
			buildConfigurations = (
				CF6959CC2FF17D9C002038CA /* Debug */,
				CF6959CD2FF17D9C002038CA /* Release */,
			);
			defaultConfigurationIsVisible = 0;
			defaultConfigurationName = Release;
		};
		CF6959E32FF17DFA002038CA /* Build configuration list for PBXNativeTarget "JXRPreviewExtension" */ = {
			isa = XCConfigurationList;
			buildConfigurations = (
				CF6959E42FF17DFA002038CA /* Debug */,
				CF6959E52FF17DFA002038CA /* Release */,
			);
			defaultConfigurationIsVisible = 0;
			defaultConfigurationName = Release;
		};
/* End XCConfigurationList section */
	};
	rootObject = CF6959B82FF17D9B002038CA /* Project object */;
}
